// !$*UTF8*$!
{
	archiveVersion = 1;
	classes = {
	};
	objectVersion = 50;
	objects = {

/* Begin PBXBuildFile section */
		5DE11D4650A3B6181E8D7632 /* Pods_MainSubControllerDemo.framework in Frameworks */ = {isa = PBXBuildFile; fileRef = BF97877D865A625070C1164A /* Pods_MainSubControllerDemo.framework */; };
		EA93C25F2286B81700872EE9 /* AppDelegate.m in Sources */ = {isa = PBXBuildFile; fileRef = EA93C25E2286B81700872EE9 /* AppDelegate.m */; };
		EA93C2672286B81800872EE9 /* Assets.xcassets in Resources */ = {isa = PBXBuildFile; fileRef = EA93C2662286B81800872EE9 /* Assets.xcassets */; };
		EA93C26A2286B81800872EE9 /* LaunchScreen.storyboard in Resources */ = {isa = PBXBuildFile; fileRef = EA93C2682286B81800872EE9 /* LaunchScreen.storyboard */; };
		EA93C26D2286B81800872EE9 /* main.m in Sources */ = {isa = PBXBuildFile; fileRef = EA93C26C2286B81800872EE9 /* main.m */; };
		EA93C2772286B81800872EE9 /* MainSubControllerDemoTests.m in Sources */ = {isa = PBXBuildFile; fileRef = EA93C2762286B81800872EE9 /* MainSubControllerDemoTests.m */; };
		EA93C2822286B81800872EE9 /* MainSubControllerDemoUITests.m in Sources */ = {isa = PBXBuildFile; fileRef = EA93C2812286B81800872EE9 /* MainSubControllerDemoUITests.m */; };
		EA93C2982286EC5800872EE9 /* BaseViewController.m in Sources */ = {isa = PBXBuildFile; fileRef = EA93C2972286EC5800872EE9 /* BaseViewController.m */; };
		EA93C29B2286EC6B00872EE9 /* BaseTableViewController.m in Sources */ = {isa = PBXBuildFile; fileRef = EA93C29A2286EC6B00872EE9 /* BaseTableViewController.m */; };
		EA93C2A42286ECD200872EE9 /* UITableViewCell+DequeCell.m in Sources */ = {isa = PBXBuildFile; fileRef = EA93C2A02286ECD100872EE9 /* UITableViewCell+DequeCell.m */; };
		EA93C2A52286ECD200872EE9 /* UIColor+Tools.m in Sources */ = {isa = PBXBuildFile; fileRef = EA93C2A12286ECD100872EE9 /* UIColor+Tools.m */; };
		EA93C2AA2286ED1A00872EE9 /* HomeViewController.m in Sources */ = {isa = PBXBuildFile; fileRef = EA93C2A92286ED1A00872EE9 /* HomeViewController.m */; };
		EA93C2AD2286ED2500872EE9 /* MineViewController.m in Sources */ = {isa = PBXBuildFile; fileRef = EA93C2AC2286ED2500872EE9 /* MineViewController.m */; };
		EA93C2B422890DBB00872EE9 /* TestXibOne.m in Sources */ = {isa = PBXBuildFile; fileRef = EA93C2B322890DBB00872EE9 /* TestXibOne.m */; };
		EA93C2B622890DC500872EE9 /* TestXibOne.xib in Resources */ = {isa = PBXBuildFile; fileRef = EA93C2B522890DC400872EE9 /* TestXibOne.xib */; };
		EA93C2B922890DF200872EE9 /* TestXibTwo.m in Sources */ = {isa = PBXBuildFile; fileRef = EA93C2B822890DF200872EE9 /* TestXibTwo.m */; };
		EA93C2BB22890DFB00872EE9 /* TestXibTwo.xib in Resources */ = {isa = PBXBuildFile; fileRef = EA93C2BA22890DFB00872EE9 /* TestXibTwo.xib */; };
		EA93C2C222890EA300872EE9 /* TestXibViewController.m in Sources */ = {isa = PBXBuildFile; fileRef = EA93C2C022890EA300872EE9 /* TestXibViewController.m */; };
		EA93C2C322890EA300872EE9 /* TestXibViewController.xib in Resources */ = {isa = PBXBuildFile; fileRef = EA93C2C122890EA300872EE9 /* TestXibViewController.xib */; };
		EAAB313C228A9AD000193BAE /* BaseCellModel.m in Sources */ = {isa = PBXBuildFile; fileRef = EAAB313B228A9AD000193BAE /* BaseCellModel.m */; };
		EAAB313F228AA08600193BAE /* TestXibThree.m in Sources */ = {isa = PBXBuildFile; fileRef = EAAB313E228AA08600193BAE /* TestXibThree.m */; };
		EAAB3141228AA09100193BAE /* TestXibThree.xib in Resources */ = {isa = PBXBuildFile; fileRef = EAAB3140228AA09100193BAE /* TestXibThree.xib */; };
		EAAB3145228AA90F00193BAE /* TestZJMainViewController.m in Sources */ = {isa = PBXBuildFile; fileRef = EAAB3144228AA90F00193BAE /* TestZJMainViewController.m */; };
		EAAB3148228AA92500193BAE /* TestZJSubViewController.m in Sources */ = {isa = PBXBuildFile; fileRef = EAAB3147228AA92500193BAE /* TestZJSubViewController.m */; };
		EAAB314B228AAF1D00193BAE /* ZJContentView+FDFullGessture.m in Sources */ = {isa = PBXBuildFile; fileRef = EAAB314A228AAF1D00193BAE /* ZJContentView+FDFullGessture.m */; };
/* End PBXBuildFile section */

/* Begin PBXContainerItemProxy section */
		EA93C2732286B81800872EE9 /* PBXContainerItemProxy */ = {
			isa = PBXContainerItemProxy;
			containerPortal = EA93C2522286B81700872EE9 /* Project object */;
			proxyType = 1;
			remoteGlobalIDString = EA93C2592286B81700872EE9;
			remoteInfo = MainSubControllerDemo;
		};
		EA93C27E2286B81800872EE9 /* PBXContainerItemProxy */ = {
			isa = PBXContainerItemProxy;
			containerPortal = EA93C2522286B81700872EE9 /* Project object */;
			proxyType = 1;
			remoteGlobalIDString = EA93C2592286B81700872EE9;
			remoteInfo = MainSubControllerDemo;
		};
/* End PBXContainerItemProxy section */

/* Begin PBXFileReference section */
		59FA82C2E13B0817D4723FD1 /* Pods-MainSubControllerDemo.debug.xcconfig */ = {isa = PBXFileReference; includeInIndex = 1; lastKnownFileType = text.xcconfig; name = "Pods-MainSubControllerDemo.debug.xcconfig"; path = "Pods/Target Support Files/Pods-MainSubControllerDemo/Pods-MainSubControllerDemo.debug.xcconfig"; sourceTree = "<group>"; };
		6CF7A907D0D29648FECD55DF /* libPods-MainSubControllerDemoUITests.a */ = {isa = PBXFileReference; explicitFileType = archive.ar; includeInIndex = 0; path = "libPods-MainSubControllerDemoUITests.a"; sourceTree = BUILT_PRODUCTS_DIR; };
		892D4FCD91C263483DE43404 /* libPods-MainSubControllerDemoTests.a */ = {isa = PBXFileReference; explicitFileType = archive.ar; includeInIndex = 0; path = "libPods-MainSubControllerDemoTests.a"; sourceTree = BUILT_PRODUCTS_DIR; };
		935AB8E20A7962D58AC284B5 /* Pods-MainSubControllerDemo.release.xcconfig */ = {isa = PBXFileReference; includeInIndex = 1; lastKnownFileType = text.xcconfig; name = "Pods-MainSubControllerDemo.release.xcconfig"; path = "Pods/Target Support Files/Pods-MainSubControllerDemo/Pods-MainSubControllerDemo.release.xcconfig"; sourceTree = "<group>"; };
		BF97877D865A625070C1164A /* Pods_MainSubControllerDemo.framework */ = {isa = PBXFileReference; explicitFileType = wrapper.framework; includeInIndex = 0; path = Pods_MainSubControllerDemo.framework; sourceTree = BUILT_PRODUCTS_DIR; };
		EA93C25A2286B81700872EE9 /* MainSubControllerDemo.app */ = {isa = PBXFileReference; explicitFileType = wrapper.application; includeInIndex = 0; path = MainSubControllerDemo.app; sourceTree = BUILT_PRODUCTS_DIR; };
		EA93C25D2286B81700872EE9 /* AppDelegate.h */ = {isa = PBXFileReference; lastKnownFileType = sourcecode.c.h; path = AppDelegate.h; sourceTree = "<group>"; };
		EA93C25E2286B81700872EE9 /* AppDelegate.m */ = {isa = PBXFileReference; lastKnownFileType = sourcecode.c.objc; path = AppDelegate.m; sourceTree = "<group>"; };
		EA93C2662286B81800872EE9 /* Assets.xcassets */ = {isa = PBXFileReference; lastKnownFileType = folder.assetcatalog; path = Assets.xcassets; sourceTree = "<group>"; };
		EA93C2692286B81800872EE9 /* Base */ = {isa = PBXFileReference; lastKnownFileType = file.storyboard; name = Base; path = Base.lproj/LaunchScreen.storyboard; sourceTree = "<group>"; };
		EA93C26B2286B81800872EE9 /* Info.plist */ = {isa = PBXFileReference; lastKnownFileType = text.plist.xml; path = Info.plist; sourceTree = "<group>"; };
		EA93C26C2286B81800872EE9 /* main.m */ = {isa = PBXFileReference; lastKnownFileType = sourcecode.c.objc; path = main.m; sourceTree = "<group>"; };
		EA93C2722286B81800872EE9 /* MainSubControllerDemoTests.xctest */ = {isa = PBXFileReference; explicitFileType = wrapper.cfbundle; includeInIndex = 0; path = MainSubControllerDemoTests.xctest; sourceTree = BUILT_PRODUCTS_DIR; };
		EA93C2762286B81800872EE9 /* MainSubControllerDemoTests.m */ = {isa = PBXFileReference; lastKnownFileType = sourcecode.c.objc; path = MainSubControllerDemoTests.m; sourceTree = "<group>"; };
		EA93C2782286B81800872EE9 /* Info.plist */ = {isa = PBXFileReference; lastKnownFileType = text.plist.xml; path = Info.plist; sourceTree = "<group>"; };
		EA93C27D2286B81800872EE9 /* MainSubControllerDemoUITests.xctest */ = {isa = PBXFileReference; explicitFileType = wrapper.cfbundle; includeInIndex = 0; path = MainSubControllerDemoUITests.xctest; sourceTree = BUILT_PRODUCTS_DIR; };
		EA93C2812286B81800872EE9 /* MainSubControllerDemoUITests.m */ = {isa = PBXFileReference; lastKnownFileType = sourcecode.c.objc; path = MainSubControllerDemoUITests.m; sourceTree = "<group>"; };
		EA93C2832286B81800872EE9 /* Info.plist */ = {isa = PBXFileReference; lastKnownFileType = text.plist.xml; path = Info.plist; sourceTree = "<group>"; };
		EA93C2962286EC5800872EE9 /* BaseViewController.h */ = {isa = PBXFileReference; lastKnownFileType = sourcecode.c.h; path = BaseViewController.h; sourceTree = "<group>"; };
		EA93C2972286EC5800872EE9 /* BaseViewController.m */ = {isa = PBXFileReference; lastKnownFileType = sourcecode.c.objc; path = BaseViewController.m; sourceTree = "<group>"; };
		EA93C2992286EC6B00872EE9 /* BaseTableViewController.h */ = {isa = PBXFileReference; lastKnownFileType = sourcecode.c.h; path = BaseTableViewController.h; sourceTree = "<group>"; };
		EA93C29A2286EC6B00872EE9 /* BaseTableViewController.m */ = {isa = PBXFileReference; lastKnownFileType = sourcecode.c.objc; path = BaseTableViewController.m; sourceTree = "<group>"; };
		EA93C2A02286ECD100872EE9 /* UITableViewCell+DequeCell.m */ = {isa = PBXFileReference; fileEncoding = 4; lastKnownFileType = sourcecode.c.objc; path = "UITableViewCell+DequeCell.m"; sourceTree = "<group>"; };
		EA93C2A12286ECD100872EE9 /* UIColor+Tools.m */ = {isa = PBXFileReference; fileEncoding = 4; lastKnownFileType = sourcecode.c.objc; path = "UIColor+Tools.m"; sourceTree = "<group>"; };
		EA93C2A22286ECD100872EE9 /* UITableViewCell+DequeCell.h */ = {isa = PBXFileReference; fileEncoding = 4; lastKnownFileType = sourcecode.c.h; path = "UITableViewCell+DequeCell.h"; sourceTree = "<group>"; };
		EA93C2A32286ECD200872EE9 /* UIColor+Tools.h */ = {isa = PBXFileReference; fileEncoding = 4; lastKnownFileType = sourcecode.c.h; path = "UIColor+Tools.h"; sourceTree = "<group>"; };
		EA93C2A82286ED1A00872EE9 /* HomeViewController.h */ = {isa = PBXFileReference; lastKnownFileType = sourcecode.c.h; path = HomeViewController.h; sourceTree = "<group>"; };
		EA93C2A92286ED1A00872EE9 /* HomeViewController.m */ = {isa = PBXFileReference; lastKnownFileType = sourcecode.c.objc; path = HomeViewController.m; sourceTree = "<group>"; };
		EA93C2AB2286ED2500872EE9 /* MineViewController.h */ = {isa = PBXFileReference; lastKnownFileType = sourcecode.c.h; path = MineViewController.h; sourceTree = "<group>"; };
		EA93C2AC2286ED2500872EE9 /* MineViewController.m */ = {isa = PBXFileReference; lastKnownFileType = sourcecode.c.objc; path = MineViewController.m; sourceTree = "<group>"; };
		EA93C2B222890DBB00872EE9 /* TestXibOne.h */ = {isa = PBXFileReference; lastKnownFileType = sourcecode.c.h; path = TestXibOne.h; sourceTree = "<group>"; };
		EA93C2B322890DBB00872EE9 /* TestXibOne.m */ = {isa = PBXFileReference; lastKnownFileType = sourcecode.c.objc; path = TestXibOne.m; sourceTree = "<group>"; };
		EA93C2B522890DC400872EE9 /* TestXibOne.xib */ = {isa = PBXFileReference; lastKnownFileType = file.xib; path = TestXibOne.xib; sourceTree = "<group>"; };
		EA93C2B722890DF100872EE9 /* TestXibTwo.h */ = {isa = PBXFileReference; lastKnownFileType = sourcecode.c.h; path = TestXibTwo.h; sourceTree = "<group>"; };
		EA93C2B822890DF200872EE9 /* TestXibTwo.m */ = {isa = PBXFileReference; lastKnownFileType = sourcecode.c.objc; path = TestXibTwo.m; sourceTree = "<group>"; };
		EA93C2BA22890DFB00872EE9 /* TestXibTwo.xib */ = {isa = PBXFileReference; lastKnownFileType = file.xib; path = TestXibTwo.xib; sourceTree = "<group>"; };
		EA93C2BF22890EA300872EE9 /* TestXibViewController.h */ = {isa = PBXFileReference; lastKnownFileType = sourcecode.c.h; path = TestXibViewController.h; sourceTree = "<group>"; };
		EA93C2C022890EA300872EE9 /* TestXibViewController.m */ = {isa = PBXFileReference; lastKnownFileType = sourcecode.c.objc; path = TestXibViewController.m; sourceTree = "<group>"; };
		EA93C2C122890EA300872EE9 /* TestXibViewController.xib */ = {isa = PBXFileReference; lastKnownFileType = file.xib; path = TestXibViewController.xib; sourceTree = "<group>"; };
		EAAB313A228A9AD000193BAE /* BaseCellModel.h */ = {isa = PBXFileReference; lastKnownFileType = sourcecode.c.h; path = BaseCellModel.h; sourceTree = "<group>"; };
		EAAB313B228A9AD000193BAE /* BaseCellModel.m */ = {isa = PBXFileReference; lastKnownFileType = sourcecode.c.objc; path = BaseCellModel.m; sourceTree = "<group>"; };
		EAAB313D228AA08600193BAE /* TestXibThree.h */ = {isa = PBXFileReference; lastKnownFileType = sourcecode.c.h; path = TestXibThree.h; sourceTree = "<group>"; };
		EAAB313E228AA08600193BAE /* TestXibThree.m */ = {isa = PBXFileReference; lastKnownFileType = sourcecode.c.objc; path = TestXibThree.m; sourceTree = "<group>"; };
		EAAB3140228AA09100193BAE /* TestXibThree.xib */ = {isa = PBXFileReference; lastKnownFileType = file.xib; path = TestXibThree.xib; sourceTree = "<group>"; };
		EAAB3143228AA90F00193BAE /* TestZJMainViewController.h */ = {isa = PBXFileReference; lastKnownFileType = sourcecode.c.h; path = TestZJMainViewController.h; sourceTree = "<group>"; };
		EAAB3144228AA90F00193BAE /* TestZJMainViewController.m */ = {isa = PBXFileReference; lastKnownFileType = sourcecode.c.objc; path = TestZJMainViewController.m; sourceTree = "<group>"; };
		EAAB3146228AA92500193BAE /* TestZJSubViewController.h */ = {isa = PBXFileReference; lastKnownFileType = sourcecode.c.h; path = TestZJSubViewController.h; sourceTree = "<group>"; };
		EAAB3147228AA92500193BAE /* TestZJSubViewController.m */ = {isa = PBXFileReference; lastKnownFileType = sourcecode.c.objc; path = TestZJSubViewController.m; sourceTree = "<group>"; };
		EAAB3149228AAF1D00193BAE /* ZJContentView+FDFullGessture.h */ = {isa = PBXFileReference; lastKnownFileType = sourcecode.c.h; path = "ZJContentView+FDFullGessture.h"; sourceTree = "<group>"; };
		EAAB314A228AAF1D00193BAE /* ZJContentView+FDFullGessture.m */ = {isa = PBXFileReference; lastKnownFileType = sourcecode.c.objc; path = "ZJContentView+FDFullGessture.m"; sourceTree = "<group>"; };
		EAD663D0228940BA005D1273 /* Consts.h */ = {isa = PBXFileReference; lastKnownFileType = sourcecode.c.h; path = Consts.h; sourceTree = "<group>"; };
/* End PBXFileReference section */

/* Begin PBXFrameworksBuildPhase section */
		EA93C2572286B81700872EE9 /* Frameworks */ = {
			isa = PBXFrameworksBuildPhase;
			buildActionMask = 2147483647;
			files = (
				5DE11D4650A3B6181E8D7632 /* Pods_MainSubControllerDemo.framework in Frameworks */,
			);
			runOnlyForDeploymentPostprocessing = 0;
		};
		EA93C26F2286B81800872EE9 /* Frameworks */ = {
			isa = PBXFrameworksBuildPhase;
			buildActionMask = 2147483647;
			files = (
			);
			runOnlyForDeploymentPostprocessing = 0;
		};
		EA93C27A2286B81800872EE9 /* Frameworks */ = {
			isa = PBXFrameworksBuildPhase;
			buildActionMask = 2147483647;
			files = (
			);
			runOnlyForDeploymentPostprocessing = 0;
		};
/* End PBXFrameworksBuildPhase section */

/* Begin PBXGroup section */
		4AB6DCB41F97407622080CB9 /* Frameworks */ = {
			isa = PBXGroup;
			children = (
				892D4FCD91C263483DE43404 /* libPods-MainSubControllerDemoTests.a */,
				6CF7A907D0D29648FECD55DF /* libPods-MainSubControllerDemoUITests.a */,
				BF97877D865A625070C1164A /* Pods_MainSubControllerDemo.framework */,
			);
			name = Frameworks;
			sourceTree = "<group>";
		};
		57C8D03F87ABBC0293780F28 /* Pods */ = {
			isa = PBXGroup;
			children = (
				59FA82C2E13B0817D4723FD1 /* Pods-MainSubControllerDemo.debug.xcconfig */,
				935AB8E20A7962D58AC284B5 /* Pods-MainSubControllerDemo.release.xcconfig */,
			);
			name = Pods;
			sourceTree = "<group>";
		};
		EA93C2512286B81700872EE9 = {
			isa = PBXGroup;
			children = (
				EA93C25C2286B81700872EE9 /* MainSubControllerDemo */,
				EA93C2752286B81800872EE9 /* MainSubControllerDemoTests */,
				EA93C2802286B81800872EE9 /* MainSubControllerDemoUITests */,
				EA93C25B2286B81700872EE9 /* Products */,
				57C8D03F87ABBC0293780F28 /* Pods */,
				4AB6DCB41F97407622080CB9 /* Frameworks */,
			);
			sourceTree = "<group>";
		};
		EA93C25B2286B81700872EE9 /* Products */ = {
			isa = PBXGroup;
			children = (
				EA93C25A2286B81700872EE9 /* MainSubControllerDemo.app */,
				EA93C2722286B81800872EE9 /* MainSubControllerDemoTests.xctest */,
				EA93C27D2286B81800872EE9 /* MainSubControllerDemoUITests.xctest */,
			);
			name = Products;
			sourceTree = "<group>";
		};
		EA93C25C2286B81700872EE9 /* MainSubControllerDemo */ = {
			isa = PBXGroup;
			children = (
				EA93C28F2286EA3900872EE9 /* Sections */,
				EA93C2662286B81800872EE9 /* Assets.xcassets */,
				EA93C2682286B81800872EE9 /* LaunchScreen.storyboard */,
				EA93C26B2286B81800872EE9 /* Info.plist */,
				EA93C26C2286B81800872EE9 /* main.m */,
				EAD663D0228940BA005D1273 /* Consts.h */,
			);
			path = MainSubControllerDemo;
			sourceTree = "<group>";
		};
		EA93C2752286B81800872EE9 /* MainSubControllerDemoTests */ = {
			isa = PBXGroup;
			children = (
				EA93C2762286B81800872EE9 /* MainSubControllerDemoTests.m */,
				EA93C2782286B81800872EE9 /* Info.plist */,
			);
			path = MainSubControllerDemoTests;
			sourceTree = "<group>";
		};
		EA93C2802286B81800872EE9 /* MainSubControllerDemoUITests */ = {
			isa = PBXGroup;
			children = (
				EA93C2812286B81800872EE9 /* MainSubControllerDemoUITests.m */,
				EA93C2832286B81800872EE9 /* Info.plist */,
			);
			path = MainSubControllerDemoUITests;
			sourceTree = "<group>";
		};
		EA93C28F2286EA3900872EE9 /* Sections */ = {
			isa = PBXGroup;
			children = (
				EAAB3142228AA8B200193BAE /* TestZJScrollPageView */,
				EA93C2B122890D9900872EE9 /* TestXib */,
				EA93C2A72286ED0600872EE9 /* Mine */,
				EA93C2A62286ED0100872EE9 /* Home */,
				EA93C29C2286EC7E00872EE9 /* category */,
				EA93C2942286EC3900872EE9 /* Base */,
				EA93C2902286EA4900872EE9 /* Main */,
			);
			path = Sections;
			sourceTree = "<group>";
		};
		EA93C2902286EA4900872EE9 /* Main */ = {
			isa = PBXGroup;
			children = (
				EA93C25D2286B81700872EE9 /* AppDelegate.h */,
				EA93C25E2286B81700872EE9 /* AppDelegate.m */,
			);
			path = Main;
			sourceTree = "<group>";
		};
		EA93C2942286EC3900872EE9 /* Base */ = {
			isa = PBXGroup;
			children = (
				EA93C2952286EC4300872EE9 /* Controller */,
			);
			path = Base;
			sourceTree = "<group>";
		};
		EA93C2952286EC4300872EE9 /* Controller */ = {
			isa = PBXGroup;
			children = (
				EA93C2962286EC5800872EE9 /* BaseViewController.h */,
				EA93C2972286EC5800872EE9 /* BaseViewController.m */,
				EA93C2992286EC6B00872EE9 /* BaseTableViewController.h */,
				EA93C29A2286EC6B00872EE9 /* BaseTableViewController.m */,
				EAAB313A228A9AD000193BAE /* BaseCellModel.h */,
				EAAB313B228A9AD000193BAE /* BaseCellModel.m */,
			);
			path = Controller;
			sourceTree = "<group>";
		};
		EA93C29C2286EC7E00872EE9 /* category */ = {
			isa = PBXGroup;
			children = (
				EA93C2A32286ECD200872EE9 /* UIColor+Tools.h */,
				EA93C2A12286ECD100872EE9 /* UIColor+Tools.m */,
				EA93C2A22286ECD100872EE9 /* UITableViewCell+DequeCell.h */,
				EA93C2A02286ECD100872EE9 /* UITableViewCell+DequeCell.m */,
			);
			path = category;
			sourceTree = "<group>";
		};
		EA93C2A62286ED0100872EE9 /* Home */ = {
			isa = PBXGroup;
			children = (
				EA93C2A82286ED1A00872EE9 /* HomeViewController.h */,
				EA93C2A92286ED1A00872EE9 /* HomeViewController.m */,
			);
			path = Home;
			sourceTree = "<group>";
		};
		EA93C2A72286ED0600872EE9 /* Mine */ = {
			isa = PBXGroup;
			children = (
				EA93C2AB2286ED2500872EE9 /* MineViewController.h */,
				EA93C2AC2286ED2500872EE9 /* MineViewController.m */,
			);
			path = Mine;
			sourceTree = "<group>";
		};
		EA93C2B122890D9900872EE9 /* TestXib */ = {
			isa = PBXGroup;
			children = (
				EA93C2B222890DBB00872EE9 /* TestXibOne.h */,
				EA93C2B322890DBB00872EE9 /* TestXibOne.m */,
				EA93C2B522890DC400872EE9 /* TestXibOne.xib */,
				EA93C2B722890DF100872EE9 /* TestXibTwo.h */,
				EA93C2B822890DF200872EE9 /* TestXibTwo.m */,
				EA93C2BA22890DFB00872EE9 /* TestXibTwo.xib */,
				EAAB313D228AA08600193BAE /* TestXibThree.h */,
				EAAB313E228AA08600193BAE /* TestXibThree.m */,
				EAAB3140228AA09100193BAE /* TestXibThree.xib */,
				EA93C2BF22890EA300872EE9 /* TestXibViewController.h */,
				EA93C2C022890EA300872EE9 /* TestXibViewController.m */,
				EA93C2C122890EA300872EE9 /* TestXibViewController.xib */,
			);
			path = TestXib;
			sourceTree = "<group>";
		};
		EAAB3142228AA8B200193BAE /* TestZJScrollPageView */ = {
			isa = PBXGroup;
			children = (
				EAAB3143228AA90F00193BAE /* TestZJMainViewController.h */,
				EAAB3144228AA90F00193BAE /* TestZJMainViewController.m */,
				EAAB3146228AA92500193BAE /* TestZJSubViewController.h */,
				EAAB3147228AA92500193BAE /* TestZJSubViewController.m */,
				EAAB3149228AAF1D00193BAE /* ZJContentView+FDFullGessture.h */,
				EAAB314A228AAF1D00193BAE /* ZJContentView+FDFullGessture.m */,
			);
			path = TestZJScrollPageView;
			sourceTree = "<group>";
		};
/* End PBXGroup section */

/* Begin PBXNativeTarget section */
		EA93C2592286B81700872EE9 /* MainSubControllerDemo */ = {
			isa = PBXNativeTarget;
			buildConfigurationList = EA93C2862286B81800872EE9 /* Build configuration list for PBXNativeTarget "MainSubControllerDemo" */;
			buildPhases = (
				5ECE1FC9387E2C2A77661981 /* [CP] Check Pods Manifest.lock */,
				EA93C2562286B81700872EE9 /* Sources */,
				EA93C2572286B81700872EE9 /* Frameworks */,
				EA93C2582286B81700872EE9 /* Resources */,
				4AE35966A0AC97D79A9657EE /* [CP] Embed Pods Frameworks */,
			);
			buildRules = (
			);
			dependencies = (
			);
			name = MainSubControllerDemo;
			productName = MainSubControllerDemo;
			productReference = EA93C25A2286B81700872EE9 /* MainSubControllerDemo.app */;
			productType = "com.apple.product-type.application";
		};
		EA93C2712286B81800872EE9 /* MainSubControllerDemoTests */ = {
			isa = PBXNativeTarget;
			buildConfigurationList = EA93C2892286B81800872EE9 /* Build configuration list for PBXNativeTarget "MainSubControllerDemoTests" */;
			buildPhases = (
				EA93C26E2286B81800872EE9 /* Sources */,
				EA93C26F2286B81800872EE9 /* Frameworks */,
				EA93C2702286B81800872EE9 /* Resources */,
			);
			buildRules = (
			);
			dependencies = (
				EA93C2742286B81800872EE9 /* PBXTargetDependency */,
			);
			name = MainSubControllerDemoTests;
			productName = MainSubControllerDemoTests;
			productReference = EA93C2722286B81800872EE9 /* MainSubControllerDemoTests.xctest */;
			productType = "com.apple.product-type.bundle.unit-test";
		};
		EA93C27C2286B81800872EE9 /* MainSubControllerDemoUITests */ = {
			isa = PBXNativeTarget;
			buildConfigurationList = EA93C28C2286B81800872EE9 /* Build configuration list for PBXNativeTarget "MainSubControllerDemoUITests" */;
			buildPhases = (
				EA93C2792286B81800872EE9 /* Sources */,
				EA93C27A2286B81800872EE9 /* Frameworks */,
				EA93C27B2286B81800872EE9 /* Resources */,
			);
			buildRules = (
			);
			dependencies = (
				EA93C27F2286B81800872EE9 /* PBXTargetDependency */,
			);
			name = MainSubControllerDemoUITests;
			productName = MainSubControllerDemoUITests;
			productReference = EA93C27D2286B81800872EE9 /* MainSubControllerDemoUITests.xctest */;
			productType = "com.apple.product-type.bundle.ui-testing";
		};
/* End PBXNativeTarget section */

/* Begin PBXProject section */
		EA93C2522286B81700872EE9 /* Project object */ = {
			isa = PBXProject;
			attributes = {
				LastUpgradeCheck = 1020;
				ORGANIZATIONNAME = "Lonely traveller";
				TargetAttributes = {
					EA93C2592286B81700872EE9 = {
						CreatedOnToolsVersion = 10.2;
					};
					EA93C2712286B81800872EE9 = {
						CreatedOnToolsVersion = 10.2;
						TestTargetID = EA93C2592286B81700872EE9;
					};
					EA93C27C2286B81800872EE9 = {
						CreatedOnToolsVersion = 10.2;
						TestTargetID = EA93C2592286B81700872EE9;
					};
				};
			};
			buildConfigurationList = EA93C2552286B81700872EE9 /* Build configuration list for PBXProject "MainSubControllerDemo" */;
			compatibilityVersion = "Xcode 9.3";
			developmentRegion = en;
			hasScannedForEncodings = 0;
			knownRegions = (
				en,
				Base,
			);
			mainGroup = EA93C2512286B81700872EE9;
			productRefGroup = EA93C25B2286B81700872EE9 /* Products */;
			projectDirPath = "";
			projectRoot = "";
			targets = (
				EA93C2592286B81700872EE9 /* MainSubControllerDemo */,
				EA93C2712286B81800872EE9 /* MainSubControllerDemoTests */,
				EA93C27C2286B81800872EE9 /* MainSubControllerDemoUITests */,
			);
		};
/* End PBXProject section */

/* Begin PBXResourcesBuildPhase section */
		EA93C2582286B81700872EE9 /* Resources */ = {
			isa = PBXResourcesBuildPhase;
			buildActionMask = 2147483647;
			files = (
				EA93C2BB22890DFB00872EE9 /* TestXibTwo.xib in Resources */,
				EA93C2C322890EA300872EE9 /* TestXibViewController.xib in Resources */,
				EA93C26A2286B81800872EE9 /* LaunchScreen.storyboard in Resources */,
				EAAB3141228AA09100193BAE /* TestXibThree.xib in Resources */,
				EA93C2672286B81800872EE9 /* Assets.xcassets in Resources */,
				EA93C2B622890DC500872EE9 /* TestXibOne.xib in Resources */,
			);
			runOnlyForDeploymentPostprocessing = 0;
		};
		EA93C2702286B81800872EE9 /* Resources */ = {
			isa = PBXResourcesBuildPhase;
			buildActionMask = 2147483647;
			files = (
			);
			runOnlyForDeploymentPostprocessing = 0;
		};
		EA93C27B2286B81800872EE9 /* Resources */ = {
			isa = PBXResourcesBuildPhase;
			buildActionMask = 2147483647;
			files = (
			);
			runOnlyForDeploymentPostprocessing = 0;
		};
/* End PBXResourcesBuildPhase section */

/* Begin PBXShellScriptBuildPhase section */
		4AE35966A0AC97D79A9657EE /* [CP] Embed Pods Frameworks */ = {
			isa = PBXShellScriptBuildPhase;
			buildActionMask = 2147483647;
			files = (
			);
			inputFileListPaths = (
			);
			inputPaths = (
				"${SRCROOT}/Pods/Target Support Files/Pods-MainSubControllerDemo/Pods-MainSubControllerDemo-frameworks.sh",
				"${BUILT_PRODUCTS_DIR}/Aspects/Aspects.framework",
				"${BUILT_PRODUCTS_DIR}/FDFullscreenPopGesture/FDFullscreenPopGesture.framework",
				"${BUILT_PRODUCTS_DIR}/MJRefresh/MJRefresh.framework",
				"${BUILT_PRODUCTS_DIR}/Masonry/Masonry.framework",
				"${BUILT_PRODUCTS_DIR}/YYModel/YYModel.framework",
				"${BUILT_PRODUCTS_DIR}/ZJScrollPageView/ZJScrollPageView.framework",
			);
			name = "[CP] Embed Pods Frameworks";
			outputFileListPaths = (
			);
			outputPaths = (
				"${TARGET_BUILD_DIR}/${FRAMEWORKS_FOLDER_PATH}/Aspects.framework",
				"${TARGET_BUILD_DIR}/${FRAMEWORKS_FOLDER_PATH}/FDFullscreenPopGesture.framework",
				"${TARGET_BUILD_DIR}/${FRAMEWORKS_FOLDER_PATH}/MJRefresh.framework",
				"${TARGET_BUILD_DIR}/${FRAMEWORKS_FOLDER_PATH}/Masonry.framework",
				"${TARGET_BUILD_DIR}/${FRAMEWORKS_FOLDER_PATH}/YYModel.framework",
				"${TARGET_BUILD_DIR}/${FRAMEWORKS_FOLDER_PATH}/ZJScrollPageView.framework",
			);
			runOnlyForDeploymentPostprocessing = 0;
			shellPath = /bin/sh;
			shellScript = "\"${SRCROOT}/Pods/Target Support Files/Pods-MainSubControllerDemo/Pods-MainSubControllerDemo-frameworks.sh\"\n";
			showEnvVarsInLog = 0;
		};
		5ECE1FC9387E2C2A77661981 /* [CP] Check Pods Manifest.lock */ = {
			isa = PBXShellScriptBuildPhase;
			buildActionMask = 2147483647;
			files = (
			);
			inputFileListPaths = (
			);
			inputPaths = (
				"${PODS_PODFILE_DIR_PATH}/Podfile.lock",
				"${PODS_ROOT}/Manifest.lock",
			);
			name = "[CP] Check Pods Manifest.lock";
			outputFileListPaths = (
			);
			outputPaths = (
				"$(DERIVED_FILE_DIR)/Pods-MainSubControllerDemo-checkManifestLockResult.txt",
			);
			runOnlyForDeploymentPostprocessing = 0;
			shellPath = /bin/sh;
			shellScript = "diff \"${PODS_PODFILE_DIR_PATH}/Podfile.lock\" \"${PODS_ROOT}/Manifest.lock\" > /dev/null\nif [ $? != 0 ] ; then\n    # print error to STDERR\n    echo \"error: The sandbox is not in sync with the Podfile.lock. Run 'pod install' or update your CocoaPods installation.\" >&2\n    exit 1\nfi\n# This output is used by Xcode 'outputs' to avoid re-running this script phase.\necho \"SUCCESS\" > \"${SCRIPT_OUTPUT_FILE_0}\"\n";
			showEnvVarsInLog = 0;
		};
/* End PBXShellScriptBuildPhase section */

/* Begin PBXSourcesBuildPhase section */
		EA93C2562286B81700872EE9 /* Sources */ = {
			isa = PBXSourcesBuildPhase;
			buildActionMask = 2147483647;
			files = (
				EA93C2B422890DBB00872EE9 /* TestXibOne.m in Sources */,
				EA93C2A52286ECD200872EE9 /* UIColor+Tools.m in Sources */,
				EA93C2982286EC5800872EE9 /* BaseViewController.m in Sources */,
				EA93C2AD2286ED2500872EE9 /* MineViewController.m in Sources */,
				EA93C2B922890DF200872EE9 /* TestXibTwo.m in Sources */,
				EAAB313C228A9AD000193BAE /* BaseCellModel.m in Sources */,
				EA93C2A42286ECD200872EE9 /* UITableViewCell+DequeCell.m in Sources */,
				EA93C26D2286B81800872EE9 /* main.m in Sources */,
				EAAB3148228AA92500193BAE /* TestZJSubViewController.m in Sources */,
				EA93C25F2286B81700872EE9 /* AppDelegate.m in Sources */,
				EAAB313F228AA08600193BAE /* TestXibThree.m in Sources */,
				EA93C29B2286EC6B00872EE9 /* BaseTableViewController.m in Sources */,
				EAAB3145228AA90F00193BAE /* TestZJMainViewController.m in Sources */,
				EAAB314B228AAF1D00193BAE /* ZJContentView+FDFullGessture.m in Sources */,
				EA93C2AA2286ED1A00872EE9 /* HomeViewController.m in Sources */,
				EA93C2C222890EA300872EE9 /* TestXibViewController.m in Sources */,
			);
			runOnlyForDeploymentPostprocessing = 0;
		};
		EA93C26E2286B81800872EE9 /* Sources */ = {
			isa = PBXSourcesBuildPhase;
			buildActionMask = 2147483647;
			files = (
				EA93C2772286B81800872EE9 /* MainSubControllerDemoTests.m in Sources */,
			);
			runOnlyForDeploymentPostprocessing = 0;
		};
		EA93C2792286B81800872EE9 /* Sources */ = {
			isa = PBXSourcesBuildPhase;
			buildActionMask = 2147483647;
			files = (
				EA93C2822286B81800872EE9 /* MainSubControllerDemoUITests.m in Sources */,
			);
			runOnlyForDeploymentPostprocessing = 0;
		};
/* End PBXSourcesBuildPhase section */

/* Begin PBXTargetDependency section */
		EA93C2742286B81800872EE9 /* PBXTargetDependency */ = {
			isa = PBXTargetDependency;
			target = EA93C2592286B81700872EE9 /* MainSubControllerDemo */;
			targetProxy = EA93C2732286B81800872EE9 /* PBXContainerItemProxy */;
		};
		EA93C27F2286B81800872EE9 /* PBXTargetDependency */ = {
			isa = PBXTargetDependency;
			target = EA93C2592286B81700872EE9 /* MainSubControllerDemo */;
			targetProxy = EA93C27E2286B81800872EE9 /* PBXContainerItemProxy */;
		};
/* End PBXTargetDependency section */

/* Begin PBXVariantGroup section */
		EA93C2682286B81800872EE9 /* LaunchScreen.storyboard */ = {
			isa = PBXVariantGroup;
			children = (
				EA93C2692286B81800872EE9 /* Base */,
			);
			name = LaunchScreen.storyboard;
			sourceTree = "<group>";
		};
/* End PBXVariantGroup section */

/* Begin XCBuildConfiguration section */
		EA93C2842286B81800872EE9 /* Debug */ = {
			isa = XCBuildConfiguration;
			buildSettings = {
				ALWAYS_SEARCH_USER_PATHS = NO;
				CLANG_ANALYZER_NONNULL = YES;
				CLANG_ANALYZER_NUMBER_OBJECT_CONVERSION = YES_AGGRESSIVE;
				CLANG_CXX_LANGUAGE_STANDARD = "gnu++14";
				CLANG_CXX_LIBRARY = "libc++";
				CLANG_ENABLE_MODULES = YES;
				CLANG_ENABLE_OBJC_ARC = YES;
				CLANG_ENABLE_OBJC_WEAK = YES;
				CLANG_WARN_BLOCK_CAPTURE_AUTORELEASING = YES;
				CLANG_WARN_BOOL_CONVERSION = YES;
				CLANG_WARN_COMMA = YES;
				CLANG_WARN_CONSTANT_CONVERSION = YES;
				CLANG_WARN_DEPRECATED_OBJC_IMPLEMENTATIONS = YES;
				CLANG_WARN_DIRECT_OBJC_ISA_USAGE = YES_ERROR;
				CLANG_WARN_DOCUMENTATION_COMMENTS = YES;
				CLANG_WARN_EMPTY_BODY = YES;
				CLANG_WARN_ENUM_CONVERSION = YES;
				CLANG_WARN_INFINITE_RECURSION = YES;
				CLANG_WARN_INT_CONVERSION = YES;
				CLANG_WARN_NON_LITERAL_NULL_CONVERSION = YES;
				CLANG_WARN_OBJC_IMPLICIT_RETAIN_SELF = YES;
				CLANG_WARN_OBJC_LITERAL_CONVERSION = YES;
				CLANG_WARN_OBJC_ROOT_CLASS = YES_ERROR;
				CLANG_WARN_RANGE_LOOP_ANALYSIS = YES;
				CLANG_WARN_STRICT_PROTOTYPES = YES;
				CLANG_WARN_SUSPICIOUS_MOVE = YES;
				CLANG_WARN_UNGUARDED_AVAILABILITY = YES_AGGRESSIVE;
				CLANG_WARN_UNREACHABLE_CODE = YES;
				CLANG_WARN__DUPLICATE_METHOD_MATCH = YES;
				CODE_SIGN_IDENTITY = "iPhone Developer";
				COPY_PHASE_STRIP = NO;
				DEBUG_INFORMATION_FORMAT = dwarf;
				ENABLE_STRICT_OBJC_MSGSEND = YES;
				ENABLE_TESTABILITY = YES;
				GCC_C_LANGUAGE_STANDARD = gnu11;
				GCC_DYNAMIC_NO_PIC = NO;
				GCC_NO_COMMON_BLOCKS = YES;
				GCC_OPTIMIZATION_LEVEL = 0;
				GCC_PREPROCESSOR_DEFINITIONS = (
					"DEBUG=1",
					"$(inherited)",
				);
				GCC_WARN_64_TO_32_BIT_CONVERSION = YES;
				GCC_WARN_ABOUT_RETURN_TYPE = YES_ERROR;
				GCC_WARN_UNDECLARED_SELECTOR = YES;
				GCC_WARN_UNINITIALIZED_AUTOS = YES_AGGRESSIVE;
				GCC_WARN_UNUSED_FUNCTION = YES;
				GCC_WARN_UNUSED_VARIABLE = YES;
				IPHONEOS_DEPLOYMENT_TARGET = 12.2;
				MTL_ENABLE_DEBUG_INFO = INCLUDE_SOURCE;
				MTL_FAST_MATH = YES;
				ONLY_ACTIVE_ARCH = YES;
				SDKROOT = iphoneos;
			};
			name = Debug;
		};
		EA93C2852286B81800872EE9 /* Release */ = {
			isa = XCBuildConfiguration;
			buildSettings = {
				ALWAYS_SEARCH_USER_PATHS = NO;
				CLANG_ANALYZER_NONNULL = YES;
				CLANG_ANALYZER_NUMBER_OBJECT_CONVERSION = YES_AGGRESSIVE;
				CLANG_CXX_LANGUAGE_STANDARD = "gnu++14";
				CLANG_CXX_LIBRARY = "libc++";
				CLANG_ENABLE_MODULES = YES;
				CLANG_ENABLE_OBJC_ARC = YES;
				CLANG_ENABLE_OBJC_WEAK = YES;
				CLANG_WARN_BLOCK_CAPTURE_AUTORELEASING = YES;
				CLANG_WARN_BOOL_CONVERSION = YES;
				CLANG_WARN_COMMA = YES;
				CLANG_WARN_CONSTANT_CONVERSION = YES;
				CLANG_WARN_DEPRECATED_OBJC_IMPLEMENTATIONS = YES;
				CLANG_WARN_DIRECT_OBJC_ISA_USAGE = YES_ERROR;
				CLANG_WARN_DOCUMENTATION_COMMENTS = YES;
				CLANG_WARN_EMPTY_BODY = YES;
				CLANG_WARN_ENUM_CONVERSION = YES;
				CLANG_WARN_INFINITE_RECURSION = YES;
				CLANG_WARN_INT_CONVERSION = YES;
				CLANG_WARN_NON_LITERAL_NULL_CONVERSION = YES;
				CLANG_WARN_OBJC_IMPLICIT_RETAIN_SELF = YES;
				CLANG_WARN_OBJC_LITERAL_CONVERSION = YES;
				CLANG_WARN_OBJC_ROOT_CLASS = YES_ERROR;
				CLANG_WARN_RANGE_LOOP_ANALYSIS = YES;
				CLANG_WARN_STRICT_PROTOTYPES = YES;
				CLANG_WARN_SUSPICIOUS_MOVE = YES;
				CLANG_WARN_UNGUARDED_AVAILABILITY = YES_AGGRESSIVE;
				CLANG_WARN_UNREACHABLE_CODE = YES;
				CLANG_WARN__DUPLICATE_METHOD_MATCH = YES;
				CODE_SIGN_IDENTITY = "iPhone Developer";
				COPY_PHASE_STRIP = NO;
				DEBUG_INFORMATION_FORMAT = "dwarf-with-dsym";
				ENABLE_NS_ASSERTIONS = NO;
				ENABLE_STRICT_OBJC_MSGSEND = YES;
				GCC_C_LANGUAGE_STANDARD = gnu11;
				GCC_NO_COMMON_BLOCKS = YES;
				GCC_WARN_64_TO_32_BIT_CONVERSION = YES;
				GCC_WARN_ABOUT_RETURN_TYPE = YES_ERROR;
				GCC_WARN_UNDECLARED_SELECTOR = YES;
				GCC_WARN_UNINITIALIZED_AUTOS = YES_AGGRESSIVE;
				GCC_WARN_UNUSED_FUNCTION = YES;
				GCC_WARN_UNUSED_VARIABLE = YES;
				IPHONEOS_DEPLOYMENT_TARGET = 12.2;
				MTL_ENABLE_DEBUG_INFO = NO;
				MTL_FAST_MATH = YES;
				SDKROOT = iphoneos;
				VALIDATE_PRODUCT = YES;
			};
			name = Release;
		};
		EA93C2872286B81800872EE9 /* Debug */ = {
			isa = XCBuildConfiguration;
			baseConfigurationReference = 59FA82C2E13B0817D4723FD1 /* Pods-MainSubControllerDemo.debug.xcconfig */;
			buildSettings = {
				ASSETCATALOG_COMPILER_APPICON_NAME = AppIcon;
				CODE_SIGN_STYLE = Automatic;
				INFOPLIST_FILE = MainSubControllerDemo/Info.plist;
				IPHONEOS_DEPLOYMENT_TARGET = 9;
				LD_RUNPATH_SEARCH_PATHS = (
					"$(inherited)",
					"@executable_path/Frameworks",
				);
				OTHER_LDFLAGS = "$(inherited)";
				PRODUCT_BUNDLE_IDENTIFIER = com.lonely4flow.MainSubControllerDemo;
				PRODUCT_NAME = "$(TARGET_NAME)";
				TARGETED_DEVICE_FAMILY = "1,2";
				VALID_ARCHS = arm64;
			};
			name = Debug;
		};
		EA93C2882286B81800872EE9 /* Release */ = {
			isa = XCBuildConfiguration;
			baseConfigurationReference = 935AB8E20A7962D58AC284B5 /* Pods-MainSubControllerDemo.release.xcconfig */;
			buildSettings = {
				ASSETCATALOG_COMPILER_APPICON_NAME = AppIcon;
				CODE_SIGN_STYLE = Automatic;
				INFOPLIST_FILE = MainSubControllerDemo/Info.plist;
				IPHONEOS_DEPLOYMENT_TARGET = 9;
				LD_RUNPATH_SEARCH_PATHS = (
					"$(inherited)",
					"@executable_path/Frameworks",
				);
				OTHER_LDFLAGS = "$(inherited)";
				PRODUCT_BUNDLE_IDENTIFIER = com.lonely4flow.MainSubControllerDemo;
				PRODUCT_NAME = "$(TARGET_NAME)";
				TARGETED_DEVICE_FAMILY = "1,2";
				VALID_ARCHS = arm64;
			};
			name = Release;
		};
		EA93C28A2286B81800872EE9 /* Debug */ = {
			isa = XCBuildConfiguration;
			buildSettings = {
				BUNDLE_LOADER = "$(TEST_HOST)";
				CODE_SIGN_STYLE = Automatic;
				INFOPLIST_FILE = MainSubControllerDemoTests/Info.plist;
				LD_RUNPATH_SEARCH_PATHS = (
					"$(inherited)",
					"@executable_path/Frameworks",
					"@loader_path/Frameworks",
				);
				PRODUCT_BUNDLE_IDENTIFIER = com.lonely4flow.MainSubControllerDemoTests;
				PRODUCT_NAME = "$(TARGET_NAME)";
				TARGETED_DEVICE_FAMILY = "1,2";
				TEST_HOST = "$(BUILT_PRODUCTS_DIR)/MainSubControllerDemo.app/MainSubControllerDemo";
			};
			name = Debug;
		};
		EA93C28B2286B81800872EE9 /* Release */ = {
			isa = XCBuildConfiguration;
			buildSettings = {
				BUNDLE_LOADER = "$(TEST_HOST)";
				CODE_SIGN_STYLE = Automatic;
				INFOPLIST_FILE = MainSubControllerDemoTests/Info.plist;
				LD_RUNPATH_SEARCH_PATHS = (
					"$(inherited)",
					"@executable_path/Frameworks",
					"@loader_path/Frameworks",
				);
				PRODUCT_BUNDLE_IDENTIFIER = com.lonely4flow.MainSubControllerDemoTests;
				PRODUCT_NAME = "$(TARGET_NAME)";
				TARGETED_DEVICE_FAMILY = "1,2";
				TEST_HOST = "$(BUILT_PRODUCTS_DIR)/MainSubControllerDemo.app/MainSubControllerDemo";
			};
			name = Release;
		};
		EA93C28D2286B81800872EE9 /* Debug */ = {
			isa = XCBuildConfiguration;
			buildSettings = {
				CODE_SIGN_STYLE = Automatic;
				INFOPLIST_FILE = MainSubControllerDemoUITests/Info.plist;
				LD_RUNPATH_SEARCH_PATHS = (
					"$(inherited)",
					"@executable_path/Frameworks",
					"@loader_path/Frameworks",
				);
				PRODUCT_BUNDLE_IDENTIFIER = com.lonely4flow.MainSubControllerDemoUITests;
				PRODUCT_NAME = "$(TARGET_NAME)";
				TARGETED_DEVICE_FAMILY = "1,2";
				TEST_TARGET_NAME = MainSubControllerDemo;
			};
			name = Debug;
		};
		EA93C28E2286B81800872EE9 /* Release */ = {
			isa = XCBuildConfiguration;
			buildSettings = {
				CODE_SIGN_STYLE = Automatic;
				INFOPLIST_FILE = MainSubControllerDemoUITests/Info.plist;
				LD_RUNPATH_SEARCH_PATHS = (
					"$(inherited)",
					"@executable_path/Frameworks",
					"@loader_path/Frameworks",
				);
				PRODUCT_BUNDLE_IDENTIFIER = com.lonely4flow.MainSubControllerDemoUITests;
				PRODUCT_NAME = "$(TARGET_NAME)";
				TARGETED_DEVICE_FAMILY = "1,2";
				TEST_TARGET_NAME = MainSubControllerDemo;
			};
			name = Release;
		};
/* End XCBuildConfiguration section */

/* Begin XCConfigurationList section */
		EA93C2552286B81700872EE9 /* Build configuration list for PBXProject "MainSubControllerDemo" */ = {
			isa = XCConfigurationList;
			buildConfigurations = (
				EA93C2842286B81800872EE9 /* Debug */,
				EA93C2852286B81800872EE9 /* Release */,
			);
			defaultConfigurationIsVisible = 0;
			defaultConfigurationName = Release;
		};
		EA93C2862286B81800872EE9 /* Build configuration list for PBXNativeTarget "MainSubControllerDemo" */ = {
			isa = XCConfigurationList;
			buildConfigurations = (
				EA93C2872286B81800872EE9 /* Debug */,
				EA93C2882286B81800872EE9 /* Release */,
			);
			defaultConfigurationIsVisible = 0;
			defaultConfigurationName = Release;
		};
		EA93C2892286B81800872EE9 /* Build configuration list for PBXNativeTarget "MainSubControllerDemoTests" */ = {
			isa = XCConfigurationList;
			buildConfigurations = (
				EA93C28A2286B81800872EE9 /* Debug */,
				EA93C28B2286B81800872EE9 /* Release */,
			);
			defaultConfigurationIsVisible = 0;
			defaultConfigurationName = Release;
		};
		EA93C28C2286B81800872EE9 /* Build configuration list for PBXNativeTarget "MainSubControllerDemoUITests" */ = {
			isa = XCConfigurationList;
			buildConfigurations = (
				EA93C28D2286B81800872EE9 /* Debug */,
				EA93C28E2286B81800872EE9 /* Release */,
			);
			defaultConfigurationIsVisible = 0;
			defaultConfigurationName = Release;
		};
/* End XCConfigurationList section */
	};
	rootObject = EA93C2522286B81700872EE9 /* Project object */;
}
